// !$*UTF8*$!
{
	archiveVersion = 1;
	classes = {
	};
	objectVersion = 55;
	objects = {

/* Begin PBXBuildFile section */
		2AD2563427A2EE661B4309D4 /* Pods_SevenMiles.framework in Frameworks */ = {isa = PBXBuildFile; fileRef = 87A9C71C42AD59DA48489EC9 /* Pods_SevenMiles.framework */; };
		8708793D271352EF00278864 /* PostModel.swift in Sources */ = {isa = PBXBuildFile; fileRef = 8708793C271352EF00278864 /* PostModel.swift */; };
		874AA67427147B0200829F94 /* CommentsViewController.swift in Sources */ = {isa = PBXBuildFile; fileRef = 874AA67327147B0200829F94 /* CommentsViewController.swift */; };
		874AA6762714ECC600829F94 /* PostComments.swift in Sources */ = {isa = PBXBuildFile; fileRef = 874AA6752714ECC600829F94 /* PostComments.swift */; };
		874AA6782714F04E00829F94 /* User.swift in Sources */ = {isa = PBXBuildFile; fileRef = 874AA6772714F04E00829F94 /* User.swift */; };
		874AA67A2715053C00829F94 /* CommentTableViewCell.swift in Sources */ = {isa = PBXBuildFile; fileRef = 874AA6792715053C00829F94 /* CommentTableViewCell.swift */; };
		875DFB7A27114ADE008B56DA /* GoogleService-Info.plist in Resources */ = {isa = PBXBuildFile; fileRef = 875DFB7927114ADE008B56DA /* GoogleService-Info.plist */; };
		875DFB7F2711F1FA008B56DA /* Main.storyboard in Resources */ = {isa = PBXBuildFile; fileRef = 875DFB7E2711F1FA008B56DA /* Main.storyboard */; };
		875DFB8127121836008B56DA /* Extensions.swift in Sources */ = {isa = PBXBuildFile; fileRef = 875DFB8027121836008B56DA /* Extensions.swift */; };
		8760FB3D2711112E003D915A /* AppDelegate.swift in Sources */ = {isa = PBXBuildFile; fileRef = 8760FB3C2711112E003D915A /* AppDelegate.swift */; };
		8760FB3F2711112E003D915A /* SceneDelegate.swift in Sources */ = {isa = PBXBuildFile; fileRef = 8760FB3E2711112E003D915A /* SceneDelegate.swift */; };
		8760FB412711112E003D915A /* HomeViewController.swift in Sources */ = {isa = PBXBuildFile; fileRef = 8760FB402711112E003D915A /* HomeViewController.swift */; };
		8760FB4627111130003D915A /* Assets.xcassets in Resources */ = {isa = PBXBuildFile; fileRef = 8760FB4527111130003D915A /* Assets.xcassets */; };
		8760FB4927111130003D915A /* LaunchScreen.storyboard in Resources */ = {isa = PBXBuildFile; fileRef = 8760FB4727111130003D915A /* LaunchScreen.storyboard */; };
		8760FB5927111BE0003D915A /* CameraViewController.swift in Sources */ = {isa = PBXBuildFile; fileRef = 8760FB5827111BE0003D915A /* CameraViewController.swift */; };
		8760FB5B27111BF6003D915A /* ExploreViewController.swift in Sources */ = {isa = PBXBuildFile; fileRef = 8760FB5A27111BF6003D915A /* ExploreViewController.swift */; };
		8760FB5D27111C09003D915A /* NotificationViewController.swift in Sources */ = {isa = PBXBuildFile; fileRef = 8760FB5C27111C09003D915A /* NotificationViewController.swift */; };
		8760FB5F27111C19003D915A /* ProfileViewController.swift in Sources */ = {isa = PBXBuildFile; fileRef = 8760FB5E27111C19003D915A /* ProfileViewController.swift */; };
		8760FB6127111C4C003D915A /* UserListViewController.swift in Sources */ = {isa = PBXBuildFile; fileRef = 8760FB6027111C4C003D915A /* UserListViewController.swift */; };
		8760FB6327111C59003D915A /* SignInViewController.swift in Sources */ = {isa = PBXBuildFile; fileRef = 8760FB6227111C59003D915A /* SignInViewController.swift */; };
		8760FB6527111C68003D915A /* SignUpViewController.swift in Sources */ = {isa = PBXBuildFile; fileRef = 8760FB6427111C68003D915A /* SignUpViewController.swift */; };
		8760FB6727111C74003D915A /* SettingsViewController.swift in Sources */ = {isa = PBXBuildFile; fileRef = 8760FB6627111C74003D915A /* SettingsViewController.swift */; };
		8760FB6927111CB4003D915A /* TabBarViewController.swift in Sources */ = {isa = PBXBuildFile; fileRef = 8760FB6827111CB4003D915A /* TabBarViewController.swift */; };
		8760FB6D27111D2B003D915A /* PostViewController.swift in Sources */ = {isa = PBXBuildFile; fileRef = 8760FB6C27111D2B003D915A /* PostViewController.swift */; };
		8760FB7127111D5B003D915A /* StorageManager.swift in Sources */ = {isa = PBXBuildFile; fileRef = 8760FB7027111D5B003D915A /* StorageManager.swift */; };
		8760FB7327111D6E003D915A /* DatabaseManager.swift in Sources */ = {isa = PBXBuildFile; fileRef = 8760FB7227111D6E003D915A /* DatabaseManager.swift */; };
		8760FB7527111D84003D915A /* AuthenticationManager.swift in Sources */ = {isa = PBXBuildFile; fileRef = 8760FB7427111D84003D915A /* AuthenticationManager.swift */; };
		8760FB7727111D9D003D915A /* HapticsManager.swift in Sources */ = {isa = PBXBuildFile; fileRef = 8760FB7627111D9D003D915A /* HapticsManager.swift */; };
		8767A457271F6AA30068705F /* AuthField.swift in Sources */ = {isa = PBXBuildFile; fileRef = 8767A456271F6AA30068705F /* AuthField.swift */; };
		8767A459271F837F0068705F /* AuthButton.swift in Sources */ = {isa = PBXBuildFile; fileRef = 8767A458271F837F0068705F /* AuthButton.swift */; };
		8769CB2E271BC2C700EBC24D /* explore.json in Resources */ = {isa = PBXBuildFile; fileRef = 8769CB2D271BC2C600EBC24D /* explore.json */; };
		8769CB30271BC3FE00EBC24D /* ExploreManager.swift in Sources */ = {isa = PBXBuildFile; fileRef = 8769CB2F271BC3FE00EBC24D /* ExploreManager.swift */; };
		8783A72C2719A47700C842E7 /* ExploreBannerCollectionViewCell.swift in Sources */ = {isa = PBXBuildFile; fileRef = 8783A72B2719A47700C842E7 /* ExploreBannerCollectionViewCell.swift */; };
		8783A72E2719A51100C842E7 /* ExplorePostCollectionViewCell.swift in Sources */ = {isa = PBXBuildFile; fileRef = 8783A72D2719A51100C842E7 /* ExplorePostCollectionViewCell.swift */; };
		8783A7302719A52700C842E7 /* ExploreUserCollectionViewCell.swift in Sources */ = {isa = PBXBuildFile; fileRef = 8783A72F2719A52700C842E7 /* ExploreUserCollectionViewCell.swift */; };
		8783A7322719A55A00C842E7 /* ExploreHashtagCollectionViewCell.swift in Sources */ = {isa = PBXBuildFile; fileRef = 8783A7312719A55A00C842E7 /* ExploreHashtagCollectionViewCell.swift */; };
		8799E0CC271774E800505AAC /* bikelife.mp4 in Resources */ = {isa = PBXBuildFile; fileRef = 874AA67B2716302E00829F94 /* bikelife.mp4 */; };
		8799E0CE27177B9200505AAC /* ExplorerSection.swift in Sources */ = {isa = PBXBuildFile; fileRef = 8799E0CD27177B9200505AAC /* ExplorerSection.swift */; };
		8799E0D027177BCA00505AAC /* ExploreCell.swift in Sources */ = {isa = PBXBuildFile; fileRef = 8799E0CF27177BCA00505AAC /* ExploreCell.swift */; };
		8799E0D227177C1400505AAC /* ExploreSectionType.swift in Sources */ = {isa = PBXBuildFile; fileRef = 8799E0D127177C1400505AAC /* ExploreSectionType.swift */; };
		8799E0D427177F5D00505AAC /* ExploreBannerViewModel.swift in Sources */ = {isa = PBXBuildFile; fileRef = 8799E0D327177F5D00505AAC /* ExploreBannerViewModel.swift */; };
		8799E0D627177FE400505AAC /* ExplorePostsViewModel.swift in Sources */ = {isa = PBXBuildFile; fileRef = 8799E0D527177FE400505AAC /* ExplorePostsViewModel.swift */; };
		8799E0D82717864600505AAC /* ExploreHashtagViewModel.swift in Sources */ = {isa = PBXBuildFile; fileRef = 8799E0D72717864600505AAC /* ExploreHashtagViewModel.swift */; };
		8799E0DA2717871B00505AAC /* ExploreUserViewModel.swift in Sources */ = {isa = PBXBuildFile; fileRef = 8799E0D92717871B00505AAC /* ExploreUserViewModel.swift */; };
		87C6ACBE2726C2B500C435DF /* CaptionViewController.swift in Sources */ = {isa = PBXBuildFile; fileRef = 87C6ACBD2726C2B500C435DF /* CaptionViewController.swift */; };
		87C74EA32725E6C60002D0D3 /* RecordButton.swift in Sources */ = {isa = PBXBuildFile; fileRef = 87C74EA22725E6C60002D0D3 /* RecordButton.swift */; };
/* End PBXBuildFile section */

/* Begin PBXFileReference section */
		082AA6076905686DF6D41A99 /* Pods-SevenMiles.release.xcconfig */ = {isa = PBXFileReference; includeInIndex = 1; lastKnownFileType = text.xcconfig; name = "Pods-SevenMiles.release.xcconfig"; path = "Target Support Files/Pods-SevenMiles/Pods-SevenMiles.release.xcconfig"; sourceTree = "<group>"; };
		5AD9E37F20FC127DCBB5F160 /* Pods-SevenMiles.debug.xcconfig */ = {isa = PBXFileReference; includeInIndex = 1; lastKnownFileType = text.xcconfig; name = "Pods-SevenMiles.debug.xcconfig"; path = "Target Support Files/Pods-SevenMiles/Pods-SevenMiles.debug.xcconfig"; sourceTree = "<group>"; };
		8708793C271352EF00278864 /* PostModel.swift */ = {isa = PBXFileReference; lastKnownFileType = sourcecode.swift; path = PostModel.swift; sourceTree = "<group>"; };
		874AA67327147B0200829F94 /* CommentsViewController.swift */ = {isa = PBXFileReference; lastKnownFileType = sourcecode.swift; path = CommentsViewController.swift; sourceTree = "<group>"; };
		874AA6752714ECC600829F94 /* PostComments.swift */ = {isa = PBXFileReference; lastKnownFileType = sourcecode.swift; path = PostComments.swift; sourceTree = "<group>"; };
		874AA6772714F04E00829F94 /* User.swift */ = {isa = PBXFileReference; lastKnownFileType = sourcecode.swift; path = User.swift; sourceTree = "<group>"; };
		874AA6792715053C00829F94 /* CommentTableViewCell.swift */ = {isa = PBXFileReference; lastKnownFileType = sourcecode.swift; path = CommentTableViewCell.swift; sourceTree = "<group>"; };
		874AA67B2716302E00829F94 /* bikelife.mp4 */ = {isa = PBXFileReference; lastKnownFileType = file; path = bikelife.mp4; sourceTree = "<group>"; };
		875DFB7927114ADE008B56DA /* GoogleService-Info.plist */ = {isa = PBXFileReference; fileEncoding = 4; lastKnownFileType = text.plist.xml; path = "GoogleService-Info.plist"; sourceTree = "<group>"; };
		875DFB7E2711F1FA008B56DA /* Main.storyboard */ = {isa = PBXFileReference; fileEncoding = 4; lastKnownFileType = file.storyboard; path = Main.storyboard; sourceTree = "<group>"; };
		875DFB8027121836008B56DA /* Extensions.swift */ = {isa = PBXFileReference; lastKnownFileType = sourcecode.swift; path = Extensions.swift; sourceTree = "<group>"; };
		8760FB392711112E003D915A /* SevenMiles.app */ = {isa = PBXFileReference; explicitFileType = wrapper.application; includeInIndex = 0; path = SevenMiles.app; sourceTree = BUILT_PRODUCTS_DIR; };
		8760FB3C2711112E003D915A /* AppDelegate.swift */ = {isa = PBXFileReference; lastKnownFileType = sourcecode.swift; path = AppDelegate.swift; sourceTree = "<group>"; };
		8760FB3E2711112E003D915A /* SceneDelegate.swift */ = {isa = PBXFileReference; lastKnownFileType = sourcecode.swift; path = SceneDelegate.swift; sourceTree = "<group>"; };
		8760FB402711112E003D915A /* HomeViewController.swift */ = {isa = PBXFileReference; lastKnownFileType = sourcecode.swift; path = HomeViewController.swift; sourceTree = "<group>"; };
		8760FB4527111130003D915A /* Assets.xcassets */ = {isa = PBXFileReference; lastKnownFileType = folder.assetcatalog; path = Assets.xcassets; sourceTree = "<group>"; };
		8760FB4827111130003D915A /* Base */ = {isa = PBXFileReference; lastKnownFileType = file.storyboard; name = Base; path = Base.lproj/LaunchScreen.storyboard; sourceTree = "<group>"; };
		8760FB4A27111130003D915A /* Info.plist */ = {isa = PBXFileReference; lastKnownFileType = text.plist.xml; path = Info.plist; sourceTree = "<group>"; };
		8760FB5827111BE0003D915A /* CameraViewController.swift */ = {isa = PBXFileReference; lastKnownFileType = sourcecode.swift; path = CameraViewController.swift; sourceTree = "<group>"; };
		8760FB5A27111BF6003D915A /* ExploreViewController.swift */ = {isa = PBXFileReference; lastKnownFileType = sourcecode.swift; path = ExploreViewController.swift; sourceTree = "<group>"; };
		8760FB5C27111C09003D915A /* NotificationViewController.swift */ = {isa = PBXFileReference; lastKnownFileType = sourcecode.swift; path = NotificationViewController.swift; sourceTree = "<group>"; };
		8760FB5E27111C19003D915A /* ProfileViewController.swift */ = {isa = PBXFileReference; lastKnownFileType = sourcecode.swift; path = ProfileViewController.swift; sourceTree = "<group>"; };
		8760FB6027111C4C003D915A /* UserListViewController.swift */ = {isa = PBXFileReference; lastKnownFileType = sourcecode.swift; path = UserListViewController.swift; sourceTree = "<group>"; };
		8760FB6227111C59003D915A /* SignInViewController.swift */ = {isa = PBXFileReference; lastKnownFileType = sourcecode.swift; path = SignInViewController.swift; sourceTree = "<group>"; };
		8760FB6427111C68003D915A /* SignUpViewController.swift */ = {isa = PBXFileReference; lastKnownFileType = sourcecode.swift; path = SignUpViewController.swift; sourceTree = "<group>"; };
		8760FB6627111C74003D915A /* SettingsViewController.swift */ = {isa = PBXFileReference; lastKnownFileType = sourcecode.swift; path = SettingsViewController.swift; sourceTree = "<group>"; };
		8760FB6827111CB4003D915A /* TabBarViewController.swift */ = {isa = PBXFileReference; lastKnownFileType = sourcecode.swift; path = TabBarViewController.swift; sourceTree = "<group>"; };
		8760FB6C27111D2B003D915A /* PostViewController.swift */ = {isa = PBXFileReference; lastKnownFileType = sourcecode.swift; path = PostViewController.swift; sourceTree = "<group>"; };
		8760FB7027111D5B003D915A /* StorageManager.swift */ = {isa = PBXFileReference; lastKnownFileType = sourcecode.swift; path = StorageManager.swift; sourceTree = "<group>"; };
		8760FB7227111D6E003D915A /* DatabaseManager.swift */ = {isa = PBXFileReference; lastKnownFileType = sourcecode.swift; path = DatabaseManager.swift; sourceTree = "<group>"; };
		8760FB7427111D84003D915A /* AuthenticationManager.swift */ = {isa = PBXFileReference; lastKnownFileType = sourcecode.swift; path = AuthenticationManager.swift; sourceTree = "<group>"; };
		8760FB7627111D9D003D915A /* HapticsManager.swift */ = {isa = PBXFileReference; lastKnownFileType = sourcecode.swift; path = HapticsManager.swift; sourceTree = "<group>"; };
		8767A456271F6AA30068705F /* AuthField.swift */ = {isa = PBXFileReference; lastKnownFileType = sourcecode.swift; path = AuthField.swift; sourceTree = "<group>"; };
		8767A458271F837F0068705F /* AuthButton.swift */ = {isa = PBXFileReference; lastKnownFileType = sourcecode.swift; path = AuthButton.swift; sourceTree = "<group>"; };
		8769CB2D271BC2C600EBC24D /* explore.json */ = {isa = PBXFileReference; fileEncoding = 4; lastKnownFileType = text.json; path = explore.json; sourceTree = "<group>"; };
		8769CB2F271BC3FE00EBC24D /* ExploreManager.swift */ = {isa = PBXFileReference; lastKnownFileType = sourcecode.swift; path = ExploreManager.swift; sourceTree = "<group>"; };
		8783A72B2719A47700C842E7 /* ExploreBannerCollectionViewCell.swift */ = {isa = PBXFileReference; lastKnownFileType = sourcecode.swift; path = ExploreBannerCollectionViewCell.swift; sourceTree = "<group>"; };
		8783A72D2719A51100C842E7 /* ExplorePostCollectionViewCell.swift */ = {isa = PBXFileReference; lastKnownFileType = sourcecode.swift; path = ExplorePostCollectionViewCell.swift; sourceTree = "<group>"; };
		8783A72F2719A52700C842E7 /* ExploreUserCollectionViewCell.swift */ = {isa = PBXFileReference; lastKnownFileType = sourcecode.swift; path = ExploreUserCollectionViewCell.swift; sourceTree = "<group>"; };
		8783A7312719A55A00C842E7 /* ExploreHashtagCollectionViewCell.swift */ = {isa = PBXFileReference; lastKnownFileType = sourcecode.swift; path = ExploreHashtagCollectionViewCell.swift; sourceTree = "<group>"; };
		8799E0CD27177B9200505AAC /* ExplorerSection.swift */ = {isa = PBXFileReference; lastKnownFileType = sourcecode.swift; path = ExplorerSection.swift; sourceTree = "<group>"; };
		8799E0CF27177BCA00505AAC /* ExploreCell.swift */ = {isa = PBXFileReference; lastKnownFileType = sourcecode.swift; path = ExploreCell.swift; sourceTree = "<group>"; };
		8799E0D127177C1400505AAC /* ExploreSectionType.swift */ = {isa = PBXFileReference; lastKnownFileType = sourcecode.swift; path = ExploreSectionType.swift; sourceTree = "<group>"; };
		8799E0D327177F5D00505AAC /* ExploreBannerViewModel.swift */ = {isa = PBXFileReference; lastKnownFileType = sourcecode.swift; path = ExploreBannerViewModel.swift; sourceTree = "<group>"; };
		8799E0D527177FE400505AAC /* ExplorePostsViewModel.swift */ = {isa = PBXFileReference; lastKnownFileType = sourcecode.swift; path = ExplorePostsViewModel.swift; sourceTree = "<group>"; };
		8799E0D72717864600505AAC /* ExploreHashtagViewModel.swift */ = {isa = PBXFileReference; lastKnownFileType = sourcecode.swift; path = ExploreHashtagViewModel.swift; sourceTree = "<group>"; };
		8799E0D92717871B00505AAC /* ExploreUserViewModel.swift */ = {isa = PBXFileReference; lastKnownFileType = sourcecode.swift; path = ExploreUserViewModel.swift; sourceTree = "<group>"; };
		87A9C71C42AD59DA48489EC9 /* Pods_SevenMiles.framework */ = {isa = PBXFileReference; explicitFileType = wrapper.framework; includeInIndex = 0; path = Pods_SevenMiles.framework; sourceTree = BUILT_PRODUCTS_DIR; };
		87C6ACBD2726C2B500C435DF /* CaptionViewController.swift */ = {isa = PBXFileReference; lastKnownFileType = sourcecode.swift; path = CaptionViewController.swift; sourceTree = "<group>"; };
		87C74EA22725E6C60002D0D3 /* RecordButton.swift */ = {isa = PBXFileReference; lastKnownFileType = sourcecode.swift; path = RecordButton.swift; sourceTree = "<group>"; };
/* End PBXFileReference section */

/* Begin PBXFrameworksBuildPhase section */
		8760FB362711112E003D915A /* Frameworks */ = {
			isa = PBXFrameworksBuildPhase;
			buildActionMask = 2147483647;
			files = (
				2AD2563427A2EE661B4309D4 /* Pods_SevenMiles.framework in Frameworks */,
			);
			runOnlyForDeploymentPostprocessing = 0;
		};
/* End PBXFrameworksBuildPhase section */

/* Begin PBXGroup section */
		05E5FABDF6A90B92AAC0DCB2 /* Frameworks */ = {
			isa = PBXGroup;
			children = (
				87A9C71C42AD59DA48489EC9 /* Pods_SevenMiles.framework */,
			);
			name = Frameworks;
			sourceTree = "<group>";
		};
		10DD25B062DAC4986EB5AB6D /* Pods */ = {
			isa = PBXGroup;
			children = (
				5AD9E37F20FC127DCBB5F160 /* Pods-SevenMiles.debug.xcconfig */,
				082AA6076905686DF6D41A99 /* Pods-SevenMiles.release.xcconfig */,
			);
			path = Pods;
			sourceTree = "<group>";
		};
		8760FB302711112E003D915A = {
			isa = PBXGroup;
			children = (
				8760FB3B2711112E003D915A /* SevenMiles */,
				8760FB3A2711112E003D915A /* Products */,
				10DD25B062DAC4986EB5AB6D /* Pods */,
				05E5FABDF6A90B92AAC0DCB2 /* Frameworks */,
			);
			sourceTree = "<group>";
		};
		8760FB3A2711112E003D915A /* Products */ = {
			isa = PBXGroup;
			children = (
				8760FB392711112E003D915A /* SevenMiles.app */,
			);
			name = Products;
			sourceTree = "<group>";
		};
		8760FB3B2711112E003D915A /* SevenMiles */ = {
			isa = PBXGroup;
			children = (
				8760FB5127111AA6003D915A /* Controllers */,
				8760FB5527111B3E003D915A /* Managers */,
				8760FB5327111B0F003D915A /* Models */,
				8760FB5027111A8C003D915A /* Resources */,
				8760FB5227111AB6003D915A /* Views */,
				8760FB5427111B35003D915A /* ViewModels */,
				8760FB4A27111130003D915A /* Info.plist */,
				875DFB7927114ADE008B56DA /* GoogleService-Info.plist */,
			);
			path = SevenMiles;
			sourceTree = "<group>";
		};
		8760FB5027111A8C003D915A /* Resources */ = {
			isa = PBXGroup;
			children = (
				8769CB2D271BC2C600EBC24D /* explore.json */,
				874AA67B2716302E00829F94 /* bikelife.mp4 */,
				8760FB4527111130003D915A /* Assets.xcassets */,
				8760FB3C2711112E003D915A /* AppDelegate.swift */,
				8760FB3E2711112E003D915A /* SceneDelegate.swift */,
				875DFB8027121836008B56DA /* Extensions.swift */,
			);
			path = Resources;
			sourceTree = "<group>";
		};
		8760FB5127111AA6003D915A /* Controllers */ = {
			isa = PBXGroup;
			children = (
				8760FB5727111B9F003D915A /* Other */,
				8760FB5627111B93003D915A /* Core */,
			);
			path = Controllers;
			sourceTree = "<group>";
		};
		8760FB5227111AB6003D915A /* Views */ = {
			isa = PBXGroup;
			children = (
				8760FB6B27111CE3003D915A /* Other */,
				8760FB6A27111CCB003D915A /* StoryBoard */,
			);
			path = Views;
			sourceTree = "<group>";
		};
		8760FB5327111B0F003D915A /* Models */ = {
			isa = PBXGroup;
			children = (
				8708793C271352EF00278864 /* PostModel.swift */,
				874AA6752714ECC600829F94 /* PostComments.swift */,
				874AA6772714F04E00829F94 /* User.swift */,
				8799E0CD27177B9200505AAC /* ExplorerSection.swift */,
				8799E0CF27177BCA00505AAC /* ExploreCell.swift */,
				8799E0D127177C1400505AAC /* ExploreSectionType.swift */,
			);
			path = Models;
			sourceTree = "<group>";
		};
		8760FB5427111B35003D915A /* ViewModels */ = {
			isa = PBXGroup;
			children = (
				8799E0D327177F5D00505AAC /* ExploreBannerViewModel.swift */,
				8799E0D527177FE400505AAC /* ExplorePostsViewModel.swift */,
				8799E0D72717864600505AAC /* ExploreHashtagViewModel.swift */,
				8799E0D92717871B00505AAC /* ExploreUserViewModel.swift */,
			);
			path = ViewModels;
			sourceTree = "<group>";
		};
		8760FB5527111B3E003D915A /* Managers */ = {
			isa = PBXGroup;
			children = (
				8760FB7027111D5B003D915A /* StorageManager.swift */,
				8760FB7227111D6E003D915A /* DatabaseManager.swift */,
				8760FB7427111D84003D915A /* AuthenticationManager.swift */,
				8760FB7627111D9D003D915A /* HapticsManager.swift */,
				8769CB2F271BC3FE00EBC24D /* ExploreManager.swift */,
			);
			path = Managers;
			sourceTree = "<group>";
		};
		8760FB5627111B93003D915A /* Core */ = {
			isa = PBXGroup;
			children = (
				8760FB402711112E003D915A /* HomeViewController.swift */,
				8760FB5A27111BF6003D915A /* ExploreViewController.swift */,
				8760FB5827111BE0003D915A /* CameraViewController.swift */,
				8760FB5C27111C09003D915A /* NotificationViewController.swift */,
				8760FB5E27111C19003D915A /* ProfileViewController.swift */,
				8760FB6827111CB4003D915A /* TabBarViewController.swift */,
			);
			path = Core;
			sourceTree = "<group>";
		};
		8760FB5727111B9F003D915A /* Other */ = {
			isa = PBXGroup;
			children = (
				8760FB6027111C4C003D915A /* UserListViewController.swift */,
				8767A455271F422B0068705F /* Authenticaton */,
				8760FB6627111C74003D915A /* SettingsViewController.swift */,
				8760FB6C27111D2B003D915A /* PostViewController.swift */,
				874AA67327147B0200829F94 /* CommentsViewController.swift */,
				87C6ACBD2726C2B500C435DF /* CaptionViewController.swift */,
			);
			path = Other;
			sourceTree = "<group>";
		};
		8760FB6A27111CCB003D915A /* StoryBoard */ = {
			isa = PBXGroup;
			children = (
				8760FB4727111130003D915A /* LaunchScreen.storyboard */,
				875DFB7E2711F1FA008B56DA /* Main.storyboard */,
			);
			path = StoryBoard;
			sourceTree = "<group>";
		};
		8760FB6B27111CE3003D915A /* Other */ = {
			isa = PBXGroup;
			children = (
				874AA6792715053C00829F94 /* CommentTableViewCell.swift */,
				8783A72B2719A47700C842E7 /* ExploreBannerCollectionViewCell.swift */,
				8783A72D2719A51100C842E7 /* ExplorePostCollectionViewCell.swift */,
				8783A72F2719A52700C842E7 /* ExploreUserCollectionViewCell.swift */,
				8783A7312719A55A00C842E7 /* ExploreHashtagCollectionViewCell.swift */,
				87C74EA22725E6C60002D0D3 /* RecordButton.swift */,
			);
			path = Other;
			sourceTree = "<group>";
		};
		8767A455271F422B0068705F /* Authenticaton */ = {
			isa = PBXGroup;
			children = (
				8760FB6227111C59003D915A /* SignInViewController.swift */,
				8760FB6427111C68003D915A /* SignUpViewController.swift */,
				8767A456271F6AA30068705F /* AuthField.swift */,
				8767A458271F837F0068705F /* AuthButton.swift */,
			);
			path = Authenticaton;
			sourceTree = "<group>";
		};
/* End PBXGroup section */

/* Begin PBXNativeTarget section */
		8760FB382711112E003D915A /* SevenMiles */ = {
			isa = PBXNativeTarget;
			buildConfigurationList = 8760FB4D27111130003D915A /* Build configuration list for PBXNativeTarget "SevenMiles" */;
			buildPhases = (
				55402ACEF213293070A8CE57 /* [CP] Check Pods Manifest.lock */,
				8760FB352711112E003D915A /* Sources */,
				8760FB362711112E003D915A /* Frameworks */,
				8760FB372711112E003D915A /* Resources */,
				8A3BF134952D0CEBBFFC5976 /* [CP] Embed Pods Frameworks */,
				875DFB7B271153D8008B56DA /* ShellScript */,
			);
			buildRules = (
			);
			dependencies = (
			);
			name = SevenMiles;
			productName = SevenMiles;
			productReference = 8760FB392711112E003D915A /* SevenMiles.app */;
			productType = "com.apple.product-type.application";
		};
/* End PBXNativeTarget section */

/* Begin PBXProject section */
		8760FB312711112E003D915A /* Project object */ = {
			isa = PBXProject;
			attributes = {
				BuildIndependentTargetsInParallel = 1;
				LastSwiftUpdateCheck = 1300;
				LastUpgradeCheck = 1300;
				TargetAttributes = {
					8760FB382711112E003D915A = {
						CreatedOnToolsVersion = 13.0;
					};
				};
			};
			buildConfigurationList = 8760FB342711112E003D915A /* Build configuration list for PBXProject "SevenMiles" */;
			compatibilityVersion = "Xcode 13.0";
			developmentRegion = en;
			hasScannedForEncodings = 0;
			knownRegions = (
				en,
				Base,
			);
			mainGroup = 8760FB302711112E003D915A;
			productRefGroup = 8760FB3A2711112E003D915A /* Products */;
			projectDirPath = "";
			projectRoot = "";
			targets = (
				8760FB382711112E003D915A /* SevenMiles */,
			);
		};
/* End PBXProject section */

/* Begin PBXResourcesBuildPhase section */
		8760FB372711112E003D915A /* Resources */ = {
			isa = PBXResourcesBuildPhase;
			buildActionMask = 2147483647;
			files = (
				8799E0CC271774E800505AAC /* bikelife.mp4 in Resources */,
				8769CB2E271BC2C700EBC24D /* explore.json in Resources */,
				8760FB4927111130003D915A /* LaunchScreen.storyboard in Resources */,
				875DFB7F2711F1FA008B56DA /* Main.storyboard in Resources */,
				8760FB4627111130003D915A /* Assets.xcassets in Resources */,
				875DFB7A27114ADE008B56DA /* GoogleService-Info.plist in Resources */,
			);
			runOnlyForDeploymentPostprocessing = 0;
		};
/* End PBXResourcesBuildPhase section */

/* Begin PBXShellScriptBuildPhase section */
		55402ACEF213293070A8CE57 /* [CP] Check Pods Manifest.lock */ = {
			isa = PBXShellScriptBuildPhase;
			buildActionMask = 2147483647;
			files = (
			);
			inputFileListPaths = (
			);
			inputPaths = (
				"${PODS_PODFILE_DIR_PATH}/Podfile.lock",
				"${PODS_ROOT}/Manifest.lock",
			);
			name = "[CP] Check Pods Manifest.lock";
			outputFileListPaths = (
			);
			outputPaths = (
				"$(DERIVED_FILE_DIR)/Pods-SevenMiles-checkManifestLockResult.txt",
			);
			runOnlyForDeploymentPostprocessing = 0;
			shellPath = /bin/sh;
			shellScript = "diff \"${PODS_PODFILE_DIR_PATH}/Podfile.lock\" \"${PODS_ROOT}/Manifest.lock\" > /dev/null\nif [ $? != 0 ] ; then\n    # print error to STDERR\n    echo \"error: The sandbox is not in sync with the Podfile.lock. Run 'pod install' or update your CocoaPods installation.\" >&2\n    exit 1\nfi\n# This output is used by Xcode 'outputs' to avoid re-running this script phase.\necho \"SUCCESS\" > \"${SCRIPT_OUTPUT_FILE_0}\"\n";
			showEnvVarsInLog = 0;
		};
		875DFB7B271153D8008B56DA /* ShellScript */ = {
			isa = PBXShellScriptBuildPhase;
			buildActionMask = 2147483647;
			files = (
			);
			inputFileListPaths = (
			);
			inputPaths = (
			);
			outputFileListPaths = (
			);
			outputPaths = (
			);
			runOnlyForDeploymentPostprocessing = 0;
			shellPath = /bin/sh;
			shellScript = "# Type a script or drag a script file from your workspace to insert its path.\n\"${PODS_ROOT}/FirebaseCrashlytics/run\"\n";
		};
		8A3BF134952D0CEBBFFC5976 /* [CP] Embed Pods Frameworks */ = {
			isa = PBXShellScriptBuildPhase;
			buildActionMask = 2147483647;
			files = (
			);
			inputFileListPaths = (
				"${PODS_ROOT}/Target Support Files/Pods-SevenMiles/Pods-SevenMiles-frameworks-${CONFIGURATION}-input-files.xcfilelist",
			);
			name = "[CP] Embed Pods Frameworks";
			outputFileListPaths = (
				"${PODS_ROOT}/Target Support Files/Pods-SevenMiles/Pods-SevenMiles-frameworks-${CONFIGURATION}-output-files.xcfilelist",
			);
			runOnlyForDeploymentPostprocessing = 0;
			shellPath = /bin/sh;
			shellScript = "\"${PODS_ROOT}/Target Support Files/Pods-SevenMiles/Pods-SevenMiles-frameworks.sh\"\n";
			showEnvVarsInLog = 0;
		};
/* End PBXShellScriptBuildPhase section */

/* Begin PBXSourcesBuildPhase section */
		8760FB352711112E003D915A /* Sources */ = {
			isa = PBXSourcesBuildPhase;
			buildActionMask = 2147483647;
			files = (
				8767A459271F837F0068705F /* AuthButton.swift in Sources */,
				8767A457271F6AA30068705F /* AuthField.swift in Sources */,
				8760FB7727111D9D003D915A /* HapticsManager.swift in Sources */,
				874AA6762714ECC600829F94 /* PostComments.swift in Sources */,
				8760FB7327111D6E003D915A /* DatabaseManager.swift in Sources */,
				874AA67A2715053C00829F94 /* CommentTableViewCell.swift in Sources */,
				8760FB412711112E003D915A /* HomeViewController.swift in Sources */,
				8783A7302719A52700C842E7 /* ExploreUserCollectionViewCell.swift in Sources */,
				8760FB6127111C4C003D915A /* UserListViewController.swift in Sources */,
				8760FB6727111C74003D915A /* SettingsViewController.swift in Sources */,
				8799E0D82717864600505AAC /* ExploreHashtagViewModel.swift in Sources */,
				8760FB6D27111D2B003D915A /* PostViewController.swift in Sources */,
				8783A72C2719A47700C842E7 /* ExploreBannerCollectionViewCell.swift in Sources */,
				8760FB5927111BE0003D915A /* CameraViewController.swift in Sources */,
				8769CB30271BC3FE00EBC24D /* ExploreManager.swift in Sources */,
				8760FB6927111CB4003D915A /* TabBarViewController.swift in Sources */,
				87C6ACBE2726C2B500C435DF /* CaptionViewController.swift in Sources */,
				8799E0D027177BCA00505AAC /* ExploreCell.swift in Sources */,
				874AA67427147B0200829F94 /* CommentsViewController.swift in Sources */,
				8799E0D427177F5D00505AAC /* ExploreBannerViewModel.swift in Sources */,
				874AA6782714F04E00829F94 /* User.swift in Sources */,
				8783A7322719A55A00C842E7 /* ExploreHashtagCollectionViewCell.swift in Sources */,
				8799E0DA2717871B00505AAC /* ExploreUserViewModel.swift in Sources */,
				8760FB5D27111C09003D915A /* NotificationViewController.swift in Sources */,
				875DFB8127121836008B56DA /* Extensions.swift in Sources */,
				8799E0CE27177B9200505AAC /* ExplorerSection.swift in Sources */,
				8760FB6527111C68003D915A /* SignUpViewController.swift in Sources */,
				87C74EA32725E6C60002D0D3 /* RecordButton.swift in Sources */,
				8799E0D627177FE400505AAC /* ExplorePostsViewModel.swift in Sources */,
				8760FB7527111D84003D915A /* AuthenticationManager.swift in Sources */,
				8760FB5B27111BF6003D915A /* ExploreViewController.swift in Sources */,
				8760FB5F27111C19003D915A /* ProfileViewController.swift in Sources */,
				8708793D271352EF00278864 /* PostModel.swift in Sources */,
				8783A72E2719A51100C842E7 /* ExplorePostCollectionViewCell.swift in Sources */,
				8760FB3D2711112E003D915A /* AppDelegate.swift in Sources */,
				8760FB7127111D5B003D915A /* StorageManager.swift in Sources */,
				8760FB3F2711112E003D915A /* SceneDelegate.swift in Sources */,
				8760FB6327111C59003D915A /* SignInViewController.swift in Sources */,
				8799E0D227177C1400505AAC /* ExploreSectionType.swift in Sources */,
			);
			runOnlyForDeploymentPostprocessing = 0;
		};
/* End PBXSourcesBuildPhase section */

/* Begin PBXVariantGroup section */
		8760FB4727111130003D915A /* LaunchScreen.storyboard */ = {
			isa = PBXVariantGroup;
			children = (
				8760FB4827111130003D915A /* Base */,
			);
			name = LaunchScreen.storyboard;
			sourceTree = "<group>";
		};
/* End PBXVariantGroup section */

/* Begin XCBuildConfiguration section */
		8760FB4B27111130003D915A /* Debug */ = {
			isa = XCBuildConfiguration;
			buildSettings = {
				ALWAYS_SEARCH_USER_PATHS = NO;
				CLANG_ANALYZER_NONNULL = YES;
				CLANG_ANALYZER_NUMBER_OBJECT_CONVERSION = YES_AGGRESSIVE;
				CLANG_CXX_LANGUAGE_STANDARD = "gnu++17";
				CLANG_CXX_LIBRARY = "libc++";
				CLANG_ENABLE_MODULES = YES;
				CLANG_ENABLE_OBJC_ARC = YES;
				CLANG_ENABLE_OBJC_WEAK = YES;
				CLANG_WARN_BLOCK_CAPTURE_AUTORELEASING = YES;
				CLANG_WARN_BOOL_CONVERSION = YES;
				CLANG_WARN_COMMA = YES;
				CLANG_WARN_CONSTANT_CONVERSION = YES;
				CLANG_WARN_DEPRECATED_OBJC_IMPLEMENTATIONS = YES;
				CLANG_WARN_DIRECT_OBJC_ISA_USAGE = YES_ERROR;
				CLANG_WARN_DOCUMENTATION_COMMENTS = YES;
				CLANG_WARN_EMPTY_BODY = YES;
				CLANG_WARN_ENUM_CONVERSION = YES;
				CLANG_WARN_INFINITE_RECURSION = YES;
				CLANG_WARN_INT_CONVERSION = YES;
				CLANG_WARN_NON_LITERAL_NULL_CONVERSION = YES;
				CLANG_WARN_OBJC_IMPLICIT_RETAIN_SELF = YES;
				CLANG_WARN_OBJC_LITERAL_CONVERSION = YES;
				CLANG_WARN_OBJC_ROOT_CLASS = YES_ERROR;
				CLANG_WARN_QUOTED_INCLUDE_IN_FRAMEWORK_HEADER = YES;
				CLANG_WARN_RANGE_LOOP_ANALYSIS = YES;
				CLANG_WARN_STRICT_PROTOTYPES = YES;
				CLANG_WARN_SUSPICIOUS_MOVE = YES;
				CLANG_WARN_UNGUARDED_AVAILABILITY = YES_AGGRESSIVE;
				CLANG_WARN_UNREACHABLE_CODE = YES;
				CLANG_WARN__DUPLICATE_METHOD_MATCH = YES;
				COPY_PHASE_STRIP = NO;
				DEBUG_INFORMATION_FORMAT = dwarf;
				ENABLE_STRICT_OBJC_MSGSEND = YES;
				ENABLE_TESTABILITY = YES;
				GCC_C_LANGUAGE_STANDARD = gnu11;
				GCC_DYNAMIC_NO_PIC = NO;
				GCC_NO_COMMON_BLOCKS = YES;
				GCC_OPTIMIZATION_LEVEL = 0;
				GCC_PREPROCESSOR_DEFINITIONS = (
					"DEBUG=1",
					"$(inherited)",
				);
				GCC_WARN_64_TO_32_BIT_CONVERSION = YES;
				GCC_WARN_ABOUT_RETURN_TYPE = YES_ERROR;
				GCC_WARN_UNDECLARED_SELECTOR = YES;
				GCC_WARN_UNINITIALIZED_AUTOS = YES_AGGRESSIVE;
				GCC_WARN_UNUSED_FUNCTION = YES;
				GCC_WARN_UNUSED_VARIABLE = YES;
				IPHONEOS_DEPLOYMENT_TARGET = 15.0;
				MTL_ENABLE_DEBUG_INFO = INCLUDE_SOURCE;
				MTL_FAST_MATH = YES;
				ONLY_ACTIVE_ARCH = YES;
				SDKROOT = iphoneos;
				SWIFT_ACTIVE_COMPILATION_CONDITIONS = DEBUG;
				SWIFT_OPTIMIZATION_LEVEL = "-Onone";
			};
			name = Debug;
		};
		8760FB4C27111130003D915A /* Release */ = {
			isa = XCBuildConfiguration;
			buildSettings = {
				ALWAYS_SEARCH_USER_PATHS = NO;
				CLANG_ANALYZER_NONNULL = YES;
				CLANG_ANALYZER_NUMBER_OBJECT_CONVERSION = YES_AGGRESSIVE;
				CLANG_CXX_LANGUAGE_STANDARD = "gnu++17";
				CLANG_CXX_LIBRARY = "libc++";
				CLANG_ENABLE_MODULES = YES;
				CLANG_ENABLE_OBJC_ARC = YES;
				CLANG_ENABLE_OBJC_WEAK = YES;
				CLANG_WARN_BLOCK_CAPTURE_AUTORELEASING = YES;
				CLANG_WARN_BOOL_CONVERSION = YES;
				CLANG_WARN_COMMA = YES;
				CLANG_WARN_CONSTANT_CONVERSION = YES;
				CLANG_WARN_DEPRECATED_OBJC_IMPLEMENTATIONS = YES;
				CLANG_WARN_DIRECT_OBJC_ISA_USAGE = YES_ERROR;
				CLANG_WARN_DOCUMENTATION_COMMENTS = YES;
				CLANG_WARN_EMPTY_BODY = YES;
				CLANG_WARN_ENUM_CONVERSION = YES;
				CLANG_WARN_INFINITE_RECURSION = YES;
				CLANG_WARN_INT_CONVERSION = YES;
				CLANG_WARN_NON_LITERAL_NULL_CONVERSION = YES;
				CLANG_WARN_OBJC_IMPLICIT_RETAIN_SELF = YES;
				CLANG_WARN_OBJC_LITERAL_CONVERSION = YES;
				CLANG_WARN_OBJC_ROOT_CLASS = YES_ERROR;
				CLANG_WARN_QUOTED_INCLUDE_IN_FRAMEWORK_HEADER = YES;
				CLANG_WARN_RANGE_LOOP_ANALYSIS = YES;
				CLANG_WARN_STRICT_PROTOTYPES = YES;
				CLANG_WARN_SUSPICIOUS_MOVE = YES;
				CLANG_WARN_UNGUARDED_AVAILABILITY = YES_AGGRESSIVE;
				CLANG_WARN_UNREACHABLE_CODE = YES;
				CLANG_WARN__DUPLICATE_METHOD_MATCH = YES;
				COPY_PHASE_STRIP = NO;
				DEBUG_INFORMATION_FORMAT = "dwarf-with-dsym";
				ENABLE_NS_ASSERTIONS = NO;
				ENABLE_STRICT_OBJC_MSGSEND = YES;
				GCC_C_LANGUAGE_STANDARD = gnu11;
				GCC_NO_COMMON_BLOCKS = YES;
				GCC_WARN_64_TO_32_BIT_CONVERSION = YES;
				GCC_WARN_ABOUT_RETURN_TYPE = YES_ERROR;
				GCC_WARN_UNDECLARED_SELECTOR = YES;
				GCC_WARN_UNINITIALIZED_AUTOS = YES_AGGRESSIVE;
				GCC_WARN_UNUSED_FUNCTION = YES;
				GCC_WARN_UNUSED_VARIABLE = YES;
				IPHONEOS_DEPLOYMENT_TARGET = 15.0;
				MTL_ENABLE_DEBUG_INFO = NO;
				MTL_FAST_MATH = YES;
				SDKROOT = iphoneos;
				SWIFT_COMPILATION_MODE = wholemodule;
				SWIFT_OPTIMIZATION_LEVEL = "-O";
				VALIDATE_PRODUCT = YES;
			};
			name = Release;
		};
		8760FB4E27111130003D915A /* Debug */ = {
			isa = XCBuildConfiguration;
			baseConfigurationReference = 5AD9E37F20FC127DCBB5F160 /* Pods-SevenMiles.debug.xcconfig */;
			buildSettings = {
				ASSETCATALOG_COMPILER_APPICON_NAME = AppIcon;
				ASSETCATALOG_COMPILER_GLOBAL_ACCENT_COLOR_NAME = AccentColor;
				CODE_SIGN_STYLE = Automatic;
				CURRENT_PROJECT_VERSION = 1;
				DEVELOPMENT_TEAM = NVBAMR8VDL;
				GENERATE_INFOPLIST_FILE = YES;
				INFOPLIST_FILE = SevenMiles/Info.plist;
				INFOPLIST_KEY_CFBundleDisplayName = SevenMiles;
				INFOPLIST_KEY_UIApplicationSupportsIndirectInputEvents = YES;
				INFOPLIST_KEY_UILaunchStoryboardName = LaunchScreen;
				INFOPLIST_KEY_UIMainStoryboardFile = Main;
				INFOPLIST_KEY_UISupportedInterfaceOrientations = UIInterfaceOrientationPortrait;
				INFOPLIST_KEY_UISupportedInterfaceOrientations_iPad = "UIInterfaceOrientationPortrait UIInterfaceOrientationPortraitUpsideDown UIInterfaceOrientationLandscapeLeft UIInterfaceOrientationLandscapeRight";
				INFOPLIST_KEY_UISupportedInterfaceOrientations_iPhone = "UIInterfaceOrientationPortrait UIInterfaceOrientationLandscapeLeft UIInterfaceOrientationLandscapeRight";
				IPHONEOS_DEPLOYMENT_TARGET = 13.0;
				LD_RUNPATH_SEARCH_PATHS = (
					"$(inherited)",
					"@executable_path/Frameworks",
				);
				MARKETING_VERSION = 1.0;
				PRODUCT_BUNDLE_IDENTIFIER = com.5fourlab.SevenMiles;
				PRODUCT_NAME = "$(TARGET_NAME)";
				SWIFT_EMIT_LOC_STRINGS = YES;
				SWIFT_VERSION = 5.0;
				TARGETED_DEVICE_FAMILY = 1;
			};
			name = Debug;
		};
		8760FB4F27111130003D915A /* Release */ = {
			isa = XCBuildConfiguration;
			baseConfigurationReference = 082AA6076905686DF6D41A99 /* Pods-SevenMiles.release.xcconfig */;
			buildSettings = {
				ASSETCATALOG_COMPILER_APPICON_NAME = AppIcon;
				ASSETCATALOG_COMPILER_GLOBAL_ACCENT_COLOR_NAME = AccentColor;
				CODE_SIGN_STYLE = Automatic;
				CURRENT_PROJECT_VERSION = 1;
				DEVELOPMENT_TEAM = NVBAMR8VDL;
				GENERATE_INFOPLIST_FILE = YES;
				INFOPLIST_FILE = SevenMiles/Info.plist;
				INFOPLIST_KEY_CFBundleDisplayName = SevenMiles;
				INFOPLIST_KEY_UIApplicationSupportsIndirectInputEvents = YES;
				INFOPLIST_KEY_UILaunchStoryboardName = LaunchScreen;
				INFOPLIST_KEY_UIMainStoryboardFile = Main;
				INFOPLIST_KEY_UISupportedInterfaceOrientations = UIInterfaceOrientationPortrait;
				INFOPLIST_KEY_UISupportedInterfaceOrientations_iPad = "UIInterfaceOrientationPortrait UIInterfaceOrientationPortraitUpsideDown UIInterfaceOrientationLandscapeLeft UIInterfaceOrientationLandscapeRight";
				INFOPLIST_KEY_UISupportedInterfaceOrientations_iPhone = "UIInterfaceOrientationPortrait UIInterfaceOrientationLandscapeLeft UIInterfaceOrientationLandscapeRight";
				IPHONEOS_DEPLOYMENT_TARGET = 13.0;
				LD_RUNPATH_SEARCH_PATHS = (
					"$(inherited)",
					"@executable_path/Frameworks",
				);
				MARKETING_VERSION = 1.0;
				PRODUCT_BUNDLE_IDENTIFIER = com.5fourlab.SevenMiles;
				PRODUCT_NAME = "$(TARGET_NAME)";
				SWIFT_EMIT_LOC_STRINGS = YES;
				SWIFT_VERSION = 5.0;
				TARGETED_DEVICE_FAMILY = 1;
			};
			name = Release;
		};
/* End XCBuildConfiguration section */

/* Begin XCConfigurationList section */
		8760FB342711112E003D915A /* Build configuration list for PBXProject "SevenMiles" */ = {
			isa = XCConfigurationList;
			buildConfigurations = (
				8760FB4B27111130003D915A /* Debug */,
				8760FB4C27111130003D915A /* Release */,
			);
			defaultConfigurationIsVisible = 0;
			defaultConfigurationName = Release;
		};
		8760FB4D27111130003D915A /* Build configuration list for PBXNativeTarget "SevenMiles" */ = {
			isa = XCConfigurationList;
			buildConfigurations = (
				8760FB4E27111130003D915A /* Debug */,
				8760FB4F27111130003D915A /* Release */,
			);
			defaultConfigurationIsVisible = 0;
			defaultConfigurationName = Release;
		};
/* End XCConfigurationList section */
	};
	rootObject = 8760FB312711112E003D915A /* Project object */;
}
